
Microsoft Visual Studio Solution File, Format Version 12.00
# Visual Studio 15
VisualStudioVersion = 15.0.26730.16
MinimumVisualStudioVersion = 10.0.40219.1
Project("{FAE04EC0-301F-11D3-BF4B-00C04F79EFBC}") = "SFYWebApi", "SFYWebApi\SFYWebApi.csproj", "{B429955B-42DE-4265-A8BB-F1A8F8358375}"
EndProject
Global
	GlobalSection(SolutionConfigurationPlatforms) = preSolution
		Debug|Any CPU = Debug|Any CPU
		Release|Any CPU = Release|Any CPU
	EndGlobalSection
	GlobalSection(ProjectConfigurationPlatforms) = postSolution
		{B429955B-42DE-4265-A8BB-F1A8F8358375}.Debug|Any CPU.ActiveCfg = Debug|Any CPU
		{B429955B-42DE-4265-A8BB-F1A8F8358375}.Debug|Any CPU.Build.0 = Debug|Any CPU
		{B429955B-42DE-4265-A8BB-F1A8F8358375}.Release|Any CPU.ActiveCfg = Release|Any CPU
		{B429955B-42DE-4265-A8BB-F1A8F8358375}.Release|Any CPU.Build.0 = Release|Any CPU
	EndGlobalSection
	GlobalSection(SolutionProperties) = preSolution
		HideSolutionNode = FALSE
	EndGlobalSection
	GlobalSection(ExtensibilityGlobals) = postSolution
		SolutionGuid = {3813BF7D-3488-4C60-AE05-DA0BAC2961AC}
	EndGlobalSection
EndGlobal
